{
  "name": "basis-www",
  "version": "0.1.0",
  "lockfileVersion": 1,
  "requires": true,
  "dependencies": {
    "uikit": {
      "version": "3.3.2",
      "resolved": "https://registry.npmjs.org/uikit/-/uikit-3.3.2.tgz",
      "integrity": "sha512-j0pk0VmUJxOQQkZDLtVVq5YZLVx4HgPoB6MYlxPJpucr2rdNVVS/3CBEjq97TdBWo82IsbdGopkVq4bfXJYqjw==",
      "dev": true
    }
  }
}
