{
  "name": "basis-www",
  "version": "0.1.0",
  "lockfileVersion": 1,
  "requires": true,
  "dependencies": {
    "bulma": {
      "version": "0.9.1",
      "resolved": "https://registry.npmjs.org/bulma/-/bulma-0.9.1.tgz",
      "integrity": "sha512-LSF69OumXg2HSKl2+rN0/OEXJy7WFEb681wtBlNS/ulJYR27J3rORHibdXZ6GVb/vyUzzYK/Arjyh56wjbFedA==",
      "dev": true
    },
    "uikit": {
      "version": "3.5.8",
      "resolved": "https://registry.npmjs.org/uikit/-/uikit-3.5.8.tgz",
      "integrity": "sha512-MzUykA+mOC74W+vtvxJUZ76YJvGM2tlBsZs0ab2ZFyZBBfqSV5xsJ5/48HVhPtuAlsdfhbP36c5OXJ38xY6Iuw==",
      "dev": true
    }
  }
}
